
Microsoft Visual Studio Solution File, Format Version 11.00
# Visual Studio 2010
Project("{FAE04EC0-301F-11D3-BF4B-00C04F79EFBC}") = "Assembly-CSharp", "Assembly-CSharp.csproj", "{D6DEFC7B-2303-9126-EDBB-0D5DCD81DFDB}"
EndProject
Project("{FAE04EC0-301F-11D3-BF4B-00C04F79EFBC}") = "Oculus.VR", "Oculus.VR.csproj", "{C3816E2D-B357-2A4B-CF5E-F0A643E848FD}"
EndProject
Project("{FAE04EC0-301F-11D3-BF4B-00C04F79EFBC}") = "Oculus.Platform", "Oculus.Platform.csproj", "{1B839AA9-299E-3E1A-E833-8E1D3DFF6AA1}"
EndProject
Project("{FAE04EC0-301F-11D3-BF4B-00C04F79EFBC}") = "Assembly-CSharp-Editor", "Assembly-CSharp-Editor.csproj", "{EA3C7655-E182-0310-C975-AA4168956482}"
EndProject
Project("{FAE04EC0-301F-11D3-BF4B-00C04F79EFBC}") = "Oculus.VR.Scripts.Editor", "Oculus.VR.Scripts.Editor.csproj", "{196A3236-8967-88C7-EE6E-1C8890CDD6FA}"
EndProject
Project("{FAE04EC0-301F-11D3-BF4B-00C04F79EFBC}") = "Oculus.VR.Editor", "Oculus.VR.Editor.csproj", "{952A34E3-9878-3C17-F11E-42A95BC4A6B9}"
EndProject
Project("{FAE04EC0-301F-11D3-BF4B-00C04F79EFBC}") = "Oculus.Platform.Editor", "Oculus.Platform.Editor.csproj", "{8B00EEDD-CF61-297C-1EBA-ED894EEDDC6E}"
EndProject
Global
	GlobalSection(SolutionConfigurationPlatforms) = preSolution
		Debug|Any CPU = Debug|Any CPU
		Release|Any CPU = Release|Any CPU
	EndGlobalSection
	GlobalSection(ProjectConfigurationPlatforms) = postSolution
		{D6DEFC7B-2303-9126-EDBB-0D5DCD81DFDB}.Debug|Any CPU.ActiveCfg = Debug|Any CPU
		{D6DEFC7B-2303-9126-EDBB-0D5DCD81DFDB}.Debug|Any CPU.Build.0 = Debug|Any CPU
		{D6DEFC7B-2303-9126-EDBB-0D5DCD81DFDB}.Release|Any CPU.ActiveCfg = Release|Any CPU
		{D6DEFC7B-2303-9126-EDBB-0D5DCD81DFDB}.Release|Any CPU.Build.0 = Release|Any CPU
		{C3816E2D-B357-2A4B-CF5E-F0A643E848FD}.Debug|Any CPU.ActiveCfg = Debug|Any CPU
		{C3816E2D-B357-2A4B-CF5E-F0A643E848FD}.Debug|Any CPU.Build.0 = Debug|Any CPU
		{C3816E2D-B357-2A4B-CF5E-F0A643E848FD}.Release|Any CPU.ActiveCfg = Release|Any CPU
		{C3816E2D-B357-2A4B-CF5E-F0A643E848FD}.Release|Any CPU.Build.0 = Release|Any CPU
		{1B839AA9-299E-3E1A-E833-8E1D3DFF6AA1}.Debug|Any CPU.ActiveCfg = Debug|Any CPU
		{1B839AA9-299E-3E1A-E833-8E1D3DFF6AA1}.Debug|Any CPU.Build.0 = Debug|Any CPU
		{1B839AA9-299E-3E1A-E833-8E1D3DFF6AA1}.Release|Any CPU.ActiveCfg = Release|Any CPU
		{1B839AA9-299E-3E1A-E833-8E1D3DFF6AA1}.Release|Any CPU.Build.0 = Release|Any CPU
		{EA3C7655-E182-0310-C975-AA4168956482}.Debug|Any CPU.ActiveCfg = Debug|Any CPU
		{EA3C7655-E182-0310-C975-AA4168956482}.Debug|Any CPU.Build.0 = Debug|Any CPU
		{EA3C7655-E182-0310-C975-AA4168956482}.Release|Any CPU.ActiveCfg = Release|Any CPU
		{EA3C7655-E182-0310-C975-AA4168956482}.Release|Any CPU.Build.0 = Release|Any CPU
		{196A3236-8967-88C7-EE6E-1C8890CDD6FA}.Debug|Any CPU.ActiveCfg = Debug|Any CPU
		{196A3236-8967-88C7-EE6E-1C8890CDD6FA}.Debug|Any CPU.Build.0 = Debug|Any CPU
		{196A3236-8967-88C7-EE6E-1C8890CDD6FA}.Release|Any CPU.ActiveCfg = Release|Any CPU
		{196A3236-8967-88C7-EE6E-1C8890CDD6FA}.Release|Any CPU.Build.0 = Release|Any CPU
		{952A34E3-9878-3C17-F11E-42A95BC4A6B9}.Debug|Any CPU.ActiveCfg = Debug|Any CPU
		{952A34E3-9878-3C17-F11E-42A95BC4A6B9}.Debug|Any CPU.Build.0 = Debug|Any CPU
		{952A34E3-9878-3C17-F11E-42A95BC4A6B9}.Release|Any CPU.ActiveCfg = Release|Any CPU
		{952A34E3-9878-3C17-F11E-42A95BC4A6B9}.Release|Any CPU.Build.0 = Release|Any CPU
		{8B00EEDD-CF61-297C-1EBA-ED894EEDDC6E}.Debug|Any CPU.ActiveCfg = Debug|Any CPU
		{8B00EEDD-CF61-297C-1EBA-ED894EEDDC6E}.Debug|Any CPU.Build.0 = Debug|Any CPU
		{8B00EEDD-CF61-297C-1EBA-ED894EEDDC6E}.Release|Any CPU.ActiveCfg = Release|Any CPU
		{8B00EEDD-CF61-297C-1EBA-ED894EEDDC6E}.Release|Any CPU.Build.0 = Release|Any CPU
	EndGlobalSection
	GlobalSection(SolutionProperties) = preSolution
		HideSolutionNode = FALSE
	EndGlobalSection
EndGlobal
