
Microsoft Visual Studio Solution File, Format Version 12.00
# Visual Studio 15
Project("{FAE04EC0-301F-11D3-BF4B-00C04F79EFBC}") = "Assembly-CSharp", "Assembly-CSharp.csproj", "{B582B1C3-884A-E112-A0D8-B465ADB2C24C}"
EndProject
Project("{FAE04EC0-301F-11D3-BF4B-00C04F79EFBC}") = "Oculus.VR", "Oculus.VR.csproj", "{532D22B1-689D-C573-C0DE-F25BFABCA732}"
EndProject
Project("{FAE04EC0-301F-11D3-BF4B-00C04F79EFBC}") = "Oculus.Platform", "Oculus.Platform.csproj", "{9082FB15-F500-3836-120A-F9480F994950}"
EndProject
Project("{FAE04EC0-301F-11D3-BF4B-00C04F79EFBC}") = "Assembly-CSharp-Editor", "Assembly-CSharp-Editor.csproj", "{B625DE57-953C-E452-4586-D51DEBF444CE}"
EndProject
Project("{FAE04EC0-301F-11D3-BF4B-00C04F79EFBC}") = "Oculus.VR.Scripts.Editor", "Oculus.VR.Scripts.Editor.csproj", "{705A278E-807E-7AF6-F6FC-A62F833C893A}"
EndProject
Project("{FAE04EC0-301F-11D3-BF4B-00C04F79EFBC}") = "Oculus.VR.Editor", "Oculus.VR.Editor.csproj", "{BD147D33-E1B3-4CFF-775B-928BB6D6ABE9}"
EndProject
Project("{FAE04EC0-301F-11D3-BF4B-00C04F79EFBC}") = "Oculus.Platform.Editor", "Oculus.Platform.Editor.csproj", "{5BF885F1-C8E3-F62B-B9CE-6D77FA65E5B8}"
EndProject
Global
	GlobalSection(SolutionConfigurationPlatforms) = preSolution
		Debug|Any CPU = Debug|Any CPU
		Release|Any CPU = Release|Any CPU
	EndGlobalSection
	GlobalSection(ProjectConfigurationPlatforms) = postSolution
		{B582B1C3-884A-E112-A0D8-B465ADB2C24C}.Debug|Any CPU.ActiveCfg = Debug|Any CPU
		{B582B1C3-884A-E112-A0D8-B465ADB2C24C}.Debug|Any CPU.Build.0 = Debug|Any CPU
		{B582B1C3-884A-E112-A0D8-B465ADB2C24C}.Release|Any CPU.ActiveCfg = Release|Any CPU
		{B582B1C3-884A-E112-A0D8-B465ADB2C24C}.Release|Any CPU.Build.0 = Release|Any CPU
		{532D22B1-689D-C573-C0DE-F25BFABCA732}.Debug|Any CPU.ActiveCfg = Debug|Any CPU
		{532D22B1-689D-C573-C0DE-F25BFABCA732}.Debug|Any CPU.Build.0 = Debug|Any CPU
		{532D22B1-689D-C573-C0DE-F25BFABCA732}.Release|Any CPU.ActiveCfg = Release|Any CPU
		{532D22B1-689D-C573-C0DE-F25BFABCA732}.Release|Any CPU.Build.0 = Release|Any CPU
		{9082FB15-F500-3836-120A-F9480F994950}.Debug|Any CPU.ActiveCfg = Debug|Any CPU
		{9082FB15-F500-3836-120A-F9480F994950}.Debug|Any CPU.Build.0 = Debug|Any CPU
		{9082FB15-F500-3836-120A-F9480F994950}.Release|Any CPU.ActiveCfg = Release|Any CPU
		{9082FB15-F500-3836-120A-F9480F994950}.Release|Any CPU.Build.0 = Release|Any CPU
		{B625DE57-953C-E452-4586-D51DEBF444CE}.Debug|Any CPU.ActiveCfg = Debug|Any CPU
		{B625DE57-953C-E452-4586-D51DEBF444CE}.Debug|Any CPU.Build.0 = Debug|Any CPU
		{B625DE57-953C-E452-4586-D51DEBF444CE}.Release|Any CPU.ActiveCfg = Release|Any CPU
		{B625DE57-953C-E452-4586-D51DEBF444CE}.Release|Any CPU.Build.0 = Release|Any CPU
		{705A278E-807E-7AF6-F6FC-A62F833C893A}.Debug|Any CPU.ActiveCfg = Debug|Any CPU
		{705A278E-807E-7AF6-F6FC-A62F833C893A}.Debug|Any CPU.Build.0 = Debug|Any CPU
		{705A278E-807E-7AF6-F6FC-A62F833C893A}.Release|Any CPU.ActiveCfg = Release|Any CPU
		{705A278E-807E-7AF6-F6FC-A62F833C893A}.Release|Any CPU.Build.0 = Release|Any CPU
		{BD147D33-E1B3-4CFF-775B-928BB6D6ABE9}.Debug|Any CPU.ActiveCfg = Debug|Any CPU
		{BD147D33-E1B3-4CFF-775B-928BB6D6ABE9}.Debug|Any CPU.Build.0 = Debug|Any CPU
		{BD147D33-E1B3-4CFF-775B-928BB6D6ABE9}.Release|Any CPU.ActiveCfg = Release|Any CPU
		{BD147D33-E1B3-4CFF-775B-928BB6D6ABE9}.Release|Any CPU.Build.0 = Release|Any CPU
		{5BF885F1-C8E3-F62B-B9CE-6D77FA65E5B8}.Debug|Any CPU.ActiveCfg = Debug|Any CPU
		{5BF885F1-C8E3-F62B-B9CE-6D77FA65E5B8}.Debug|Any CPU.Build.0 = Debug|Any CPU
		{5BF885F1-C8E3-F62B-B9CE-6D77FA65E5B8}.Release|Any CPU.ActiveCfg = Release|Any CPU
		{5BF885F1-C8E3-F62B-B9CE-6D77FA65E5B8}.Release|Any CPU.Build.0 = Release|Any CPU
	EndGlobalSection
	GlobalSection(SolutionProperties) = preSolution
		HideSolutionNode = FALSE
	EndGlobalSection
EndGlobal
